// !$*UTF8*$!
{
	archiveVersion = 1;
	classes = {
	};
	objectVersion = 51;
	objects = {

/* Begin PBXBuildFile section */
		29220BFD25658D1D0020B6A5 /* AppDelegate.swift in Sources */ = {isa = PBXBuildFile; fileRef = 29220BFC25658D1D0020B6A5 /* AppDelegate.swift */; };
		29220BFF25658D1D0020B6A5 /* SceneDelegate.swift in Sources */ = {isa = PBXBuildFile; fileRef = 29220BFE25658D1D0020B6A5 /* SceneDelegate.swift */; };
		29220C0425658D1D0020B6A5 /* Main.storyboard in Resources */ = {isa = PBXBuildFile; fileRef = 29220C0225658D1D0020B6A5 /* Main.storyboard */; };
		29220C0625658D200020B6A5 /* Assets.xcassets in Resources */ = {isa = PBXBuildFile; fileRef = 29220C0525658D200020B6A5 /* Assets.xcassets */; };
		29220C0925658D200020B6A5 /* LaunchScreen.storyboard in Resources */ = {isa = PBXBuildFile; fileRef = 29220C0725658D200020B6A5 /* LaunchScreen.storyboard */; };
		29220C1425658D200020B6A5 /* ParstagramTests.swift in Sources */ = {isa = PBXBuildFile; fileRef = 29220C1325658D200020B6A5 /* ParstagramTests.swift */; };
		29220C1F25658D200020B6A5 /* ParstagramUITests.swift in Sources */ = {isa = PBXBuildFile; fileRef = 29220C1E25658D200020B6A5 /* ParstagramUITests.swift */; };
		29220C3325659EEC0020B6A5 /* LoginViewController.swift in Sources */ = {isa = PBXBuildFile; fileRef = 29220C3225659EEC0020B6A5 /* LoginViewController.swift */; };
		29220C3825659FCB0020B6A5 /* FeedViewController.swift in Sources */ = {isa = PBXBuildFile; fileRef = 29220C3725659FCB0020B6A5 /* FeedViewController.swift */; };
		29220C4F2565E62D0020B6A5 /* CameraViewController.swift in Sources */ = {isa = PBXBuildFile; fileRef = 29220C4E2565E62D0020B6A5 /* CameraViewController.swift */; };
		29220C5F2565FBBE0020B6A5 /* PostCell.swift in Sources */ = {isa = PBXBuildFile; fileRef = 29220C5E2565FBBE0020B6A5 /* PostCell.swift */; };
		5E7223369E901768AE8F2FF4 /* Pods_Parstagram.framework in Frameworks */ = {isa = PBXBuildFile; fileRef = 41D1D1D3B13B22ACE3CCE5A3 /* Pods_Parstagram.framework */; };
		B7080BE6BAECB395474948BC /* Pods_Parstagram_ParstagramUITests.framework in Frameworks */ = {isa = PBXBuildFile; fileRef = 28963F65BBD658F126A91A42 /* Pods_Parstagram_ParstagramUITests.framework */; };
		FFF7FA9ED4EE5637F2869BC6 /* Pods_ParstagramTests.framework in Frameworks */ = {isa = PBXBuildFile; fileRef = 2B58D02FE7308C08658ACC05 /* Pods_ParstagramTests.framework */; };
/* End PBXBuildFile section */

/* Begin PBXContainerItemProxy section */
		29220C1025658D200020B6A5 /* PBXContainerItemProxy */ = {
			isa = PBXContainerItemProxy;
			containerPortal = 29220BF125658D1D0020B6A5 /* Project object */;
			proxyType = 1;
			remoteGlobalIDString = 29220BF825658D1D0020B6A5;
			remoteInfo = Parstagram;
		};
		29220C1B25658D200020B6A5 /* PBXContainerItemProxy */ = {
			isa = PBXContainerItemProxy;
			containerPortal = 29220BF125658D1D0020B6A5 /* Project object */;
			proxyType = 1;
			remoteGlobalIDString = 29220BF825658D1D0020B6A5;
			remoteInfo = Parstagram;
		};
/* End PBXContainerItemProxy section */

/* Begin PBXFileReference section */
		28963F65BBD658F126A91A42 /* Pods_Parstagram_ParstagramUITests.framework */ = {isa = PBXFileReference; explicitFileType = wrapper.framework; includeInIndex = 0; path = Pods_Parstagram_ParstagramUITests.framework; sourceTree = BUILT_PRODUCTS_DIR; };
		29220BF925658D1D0020B6A5 /* Parstagram.app */ = {isa = PBXFileReference; explicitFileType = wrapper.application; includeInIndex = 0; path = Parstagram.app; sourceTree = BUILT_PRODUCTS_DIR; };
		29220BFC25658D1D0020B6A5 /* AppDelegate.swift */ = {isa = PBXFileReference; lastKnownFileType = sourcecode.swift; path = AppDelegate.swift; sourceTree = "<group>"; };
		29220BFE25658D1D0020B6A5 /* SceneDelegate.swift */ = {isa = PBXFileReference; lastKnownFileType = sourcecode.swift; path = SceneDelegate.swift; sourceTree = "<group>"; };
		29220C0325658D1D0020B6A5 /* Base */ = {isa = PBXFileReference; lastKnownFileType = file.storyboard; name = Base; path = Base.lproj/Main.storyboard; sourceTree = "<group>"; };
		29220C0525658D200020B6A5 /* Assets.xcassets */ = {isa = PBXFileReference; lastKnownFileType = folder.assetcatalog; path = Assets.xcassets; sourceTree = "<group>"; };
		29220C0825658D200020B6A5 /* Base */ = {isa = PBXFileReference; lastKnownFileType = file.storyboard; name = Base; path = Base.lproj/LaunchScreen.storyboard; sourceTree = "<group>"; };
		29220C0A25658D200020B6A5 /* Info.plist */ = {isa = PBXFileReference; lastKnownFileType = text.plist.xml; path = Info.plist; sourceTree = "<group>"; };
		29220C0F25658D200020B6A5 /* ParstagramTests.xctest */ = {isa = PBXFileReference; explicitFileType = wrapper.cfbundle; includeInIndex = 0; path = ParstagramTests.xctest; sourceTree = BUILT_PRODUCTS_DIR; };
		29220C1325658D200020B6A5 /* ParstagramTests.swift */ = {isa = PBXFileReference; lastKnownFileType = sourcecode.swift; path = ParstagramTests.swift; sourceTree = "<group>"; };
		29220C1525658D200020B6A5 /* Info.plist */ = {isa = PBXFileReference; lastKnownFileType = text.plist.xml; path = Info.plist; sourceTree = "<group>"; };
		29220C1A25658D200020B6A5 /* ParstagramUITests.xctest */ = {isa = PBXFileReference; explicitFileType = wrapper.cfbundle; includeInIndex = 0; path = ParstagramUITests.xctest; sourceTree = BUILT_PRODUCTS_DIR; };
		29220C1E25658D200020B6A5 /* ParstagramUITests.swift */ = {isa = PBXFileReference; lastKnownFileType = sourcecode.swift; path = ParstagramUITests.swift; sourceTree = "<group>"; };
		29220C2025658D200020B6A5 /* Info.plist */ = {isa = PBXFileReference; lastKnownFileType = text.plist.xml; path = Info.plist; sourceTree = "<group>"; };
		29220C3225659EEC0020B6A5 /* LoginViewController.swift */ = {isa = PBXFileReference; lastKnownFileType = sourcecode.swift; path = LoginViewController.swift; sourceTree = "<group>"; };
		29220C3725659FCB0020B6A5 /* FeedViewController.swift */ = {isa = PBXFileReference; lastKnownFileType = sourcecode.swift; path = FeedViewController.swift; sourceTree = "<group>"; };
		29220C4E2565E62D0020B6A5 /* CameraViewController.swift */ = {isa = PBXFileReference; lastKnownFileType = sourcecode.swift; path = CameraViewController.swift; sourceTree = "<group>"; };
		29220C5E2565FBBE0020B6A5 /* PostCell.swift */ = {isa = PBXFileReference; lastKnownFileType = sourcecode.swift; path = PostCell.swift; sourceTree = "<group>"; };
		2B58D02FE7308C08658ACC05 /* Pods_ParstagramTests.framework */ = {isa = PBXFileReference; explicitFileType = wrapper.framework; includeInIndex = 0; path = Pods_ParstagramTests.framework; sourceTree = BUILT_PRODUCTS_DIR; };
		41D1D1D3B13B22ACE3CCE5A3 /* Pods_Parstagram.framework */ = {isa = PBXFileReference; explicitFileType = wrapper.framework; includeInIndex = 0; path = Pods_Parstagram.framework; sourceTree = BUILT_PRODUCTS_DIR; };
		443503A8A60D95879B009B83 /* Pods-Parstagram.release.xcconfig */ = {isa = PBXFileReference; includeInIndex = 1; lastKnownFileType = text.xcconfig; name = "Pods-Parstagram.release.xcconfig"; path = "Target Support Files/Pods-Parstagram/Pods-Parstagram.release.xcconfig"; sourceTree = "<group>"; };
		832B28A6262403FEDB71AB85 /* Pods-Parstagram.debug.xcconfig */ = {isa = PBXFileReference; includeInIndex = 1; lastKnownFileType = text.xcconfig; name = "Pods-Parstagram.debug.xcconfig"; path = "Target Support Files/Pods-Parstagram/Pods-Parstagram.debug.xcconfig"; sourceTree = "<group>"; };
		A143E8B574F15D32441B9A45 /* Pods-ParstagramTests.debug.xcconfig */ = {isa = PBXFileReference; includeInIndex = 1; lastKnownFileType = text.xcconfig; name = "Pods-ParstagramTests.debug.xcconfig"; path = "Target Support Files/Pods-ParstagramTests/Pods-ParstagramTests.debug.xcconfig"; sourceTree = "<group>"; };
		B57417443E7BF899E36D4B03 /* Pods-Parstagram-ParstagramUITests.debug.xcconfig */ = {isa = PBXFileReference; includeInIndex = 1; lastKnownFileType = text.xcconfig; name = "Pods-Parstagram-ParstagramUITests.debug.xcconfig"; path = "Target Support Files/Pods-Parstagram-ParstagramUITests/Pods-Parstagram-ParstagramUITests.debug.xcconfig"; sourceTree = "<group>"; };
		D3CF09A273A8368B886320FC /* Pods-ParstagramTests.release.xcconfig */ = {isa = PBXFileReference; includeInIndex = 1; lastKnownFileType = text.xcconfig; name = "Pods-ParstagramTests.release.xcconfig"; path = "Target Support Files/Pods-ParstagramTests/Pods-ParstagramTests.release.xcconfig"; sourceTree = "<group>"; };
		E3209FB6FFD49864553F2006 /* Pods-Parstagram-ParstagramUITests.release.xcconfig */ = {isa = PBXFileReference; includeInIndex = 1; lastKnownFileType = text.xcconfig; name = "Pods-Parstagram-ParstagramUITests.release.xcconfig"; path = "Target Support Files/Pods-Parstagram-ParstagramUITests/Pods-Parstagram-ParstagramUITests.release.xcconfig"; sourceTree = "<group>"; };
/* End PBXFileReference section */

/* Begin PBXFrameworksBuildPhase section */
		29220BF625658D1D0020B6A5 /* Frameworks */ = {
			isa = PBXFrameworksBuildPhase;
			buildActionMask = 2147483647;
			files = (
				5E7223369E901768AE8F2FF4 /* Pods_Parstagram.framework in Frameworks */,
			);
			runOnlyForDeploymentPostprocessing = 0;
		};
		29220C0C25658D200020B6A5 /* Frameworks */ = {
			isa = PBXFrameworksBuildPhase;
			buildActionMask = 2147483647;
			files = (
				FFF7FA9ED4EE5637F2869BC6 /* Pods_ParstagramTests.framework in Frameworks */,
			);
			runOnlyForDeploymentPostprocessing = 0;
		};
		29220C1725658D200020B6A5 /* Frameworks */ = {
			isa = PBXFrameworksBuildPhase;
			buildActionMask = 2147483647;
			files = (
				B7080BE6BAECB395474948BC /* Pods_Parstagram_ParstagramUITests.framework in Frameworks */,
			);
			runOnlyForDeploymentPostprocessing = 0;
		};
/* End PBXFrameworksBuildPhase section */

/* Begin PBXGroup section */
		24C4E248A437B063413921C7 /* Pods */ = {
			isa = PBXGroup;
			children = (
				832B28A6262403FEDB71AB85 /* Pods-Parstagram.debug.xcconfig */,
				443503A8A60D95879B009B83 /* Pods-Parstagram.release.xcconfig */,
				B57417443E7BF899E36D4B03 /* Pods-Parstagram-ParstagramUITests.debug.xcconfig */,
				E3209FB6FFD49864553F2006 /* Pods-Parstagram-ParstagramUITests.release.xcconfig */,
				A143E8B574F15D32441B9A45 /* Pods-ParstagramTests.debug.xcconfig */,
				D3CF09A273A8368B886320FC /* Pods-ParstagramTests.release.xcconfig */,
			);
			path = Pods;
			sourceTree = "<group>";
		};
		29220BF025658D1D0020B6A5 = {
			isa = PBXGroup;
			children = (
				29220BFB25658D1D0020B6A5 /* Parstagram */,
				29220C1225658D200020B6A5 /* ParstagramTests */,
				29220C1D25658D200020B6A5 /* ParstagramUITests */,
				29220BFA25658D1D0020B6A5 /* Products */,
				24C4E248A437B063413921C7 /* Pods */,
				BC4DFA9B53A2DCF6878949DD /* Frameworks */,
			);
			sourceTree = "<group>";
		};
		29220BFA25658D1D0020B6A5 /* Products */ = {
			isa = PBXGroup;
			children = (
				29220BF925658D1D0020B6A5 /* Parstagram.app */,
				29220C0F25658D200020B6A5 /* ParstagramTests.xctest */,
				29220C1A25658D200020B6A5 /* ParstagramUITests.xctest */,
			);
			name = Products;
			sourceTree = "<group>";
		};
		29220BFB25658D1D0020B6A5 /* Parstagram */ = {
			isa = PBXGroup;
			children = (
				29220BFC25658D1D0020B6A5 /* AppDelegate.swift */,
				29220BFE25658D1D0020B6A5 /* SceneDelegate.swift */,
				29220C0225658D1D0020B6A5 /* Main.storyboard */,
				29220C0525658D200020B6A5 /* Assets.xcassets */,
				29220C0725658D200020B6A5 /* LaunchScreen.storyboard */,
				29220C0A25658D200020B6A5 /* Info.plist */,
				29220C3225659EEC0020B6A5 /* LoginViewController.swift */,
				29220C3725659FCB0020B6A5 /* FeedViewController.swift */,
				29220C4E2565E62D0020B6A5 /* CameraViewController.swift */,
				29220C5E2565FBBE0020B6A5 /* PostCell.swift */,
			);
			path = Parstagram;
			sourceTree = "<group>";
		};
		29220C1225658D200020B6A5 /* ParstagramTests */ = {
			isa = PBXGroup;
			children = (
				29220C1325658D200020B6A5 /* ParstagramTests.swift */,
				29220C1525658D200020B6A5 /* Info.plist */,
			);
			path = ParstagramTests;
			sourceTree = "<group>";
		};
		29220C1D25658D200020B6A5 /* ParstagramUITests */ = {
			isa = PBXGroup;
			children = (
				29220C1E25658D200020B6A5 /* ParstagramUITests.swift */,
				29220C2025658D200020B6A5 /* Info.plist */,
			);
			path = ParstagramUITests;
			sourceTree = "<group>";
		};
		BC4DFA9B53A2DCF6878949DD /* Frameworks */ = {
			isa = PBXGroup;
			children = (
				41D1D1D3B13B22ACE3CCE5A3 /* Pods_Parstagram.framework */,
				28963F65BBD658F126A91A42 /* Pods_Parstagram_ParstagramUITests.framework */,
				2B58D02FE7308C08658ACC05 /* Pods_ParstagramTests.framework */,
			);
			name = Frameworks;
			sourceTree = "<group>";
		};
/* End PBXGroup section */

/* Begin PBXNativeTarget section */
		29220BF825658D1D0020B6A5 /* Parstagram */ = {
			isa = PBXNativeTarget;
			buildConfigurationList = 29220C2325658D200020B6A5 /* Build configuration list for PBXNativeTarget "Parstagram" */;
			buildPhases = (
				497FD8BE46D9C0D2E4DA663C /* [CP] Check Pods Manifest.lock */,
				29220BF525658D1D0020B6A5 /* Sources */,
				29220BF625658D1D0020B6A5 /* Frameworks */,
				29220BF725658D1D0020B6A5 /* Resources */,
				D245FE1ECDC30C4BA265D636 /* [CP] Embed Pods Frameworks */,
			);
			buildRules = (
			);
			dependencies = (
			);
			name = Parstagram;
			productName = Parstagram;
			productReference = 29220BF925658D1D0020B6A5 /* Parstagram.app */;
			productType = "com.apple.product-type.application";
		};
		29220C0E25658D200020B6A5 /* ParstagramTests */ = {
			isa = PBXNativeTarget;
			buildConfigurationList = 29220C2625658D200020B6A5 /* Build configuration list for PBXNativeTarget "ParstagramTests" */;
			buildPhases = (
				BBADD6F90760266034DF7F35 /* [CP] Check Pods Manifest.lock */,
				29220C0B25658D200020B6A5 /* Sources */,
				29220C0C25658D200020B6A5 /* Frameworks */,
				29220C0D25658D200020B6A5 /* Resources */,
			);
			buildRules = (
			);
			dependencies = (
				29220C1125658D200020B6A5 /* PBXTargetDependency */,
			);
			name = ParstagramTests;
			productName = ParstagramTests;
			productReference = 29220C0F25658D200020B6A5 /* ParstagramTests.xctest */;
			productType = "com.apple.product-type.bundle.unit-test";
		};
		29220C1925658D200020B6A5 /* ParstagramUITests */ = {
			isa = PBXNativeTarget;
			buildConfigurationList = 29220C2925658D200020B6A5 /* Build configuration list for PBXNativeTarget "ParstagramUITests" */;
			buildPhases = (
				3E28A4BF9281D781AFC96A20 /* [CP] Check Pods Manifest.lock */,
				29220C1625658D200020B6A5 /* Sources */,
				29220C1725658D200020B6A5 /* Frameworks */,
				29220C1825658D200020B6A5 /* Resources */,
				FAF6D1FEB40ED5C3E9893E3B /* [CP] Embed Pods Frameworks */,
			);
			buildRules = (
			);
			dependencies = (
				29220C1C25658D200020B6A5 /* PBXTargetDependency */,
			);
			name = ParstagramUITests;
			productName = ParstagramUITests;
			productReference = 29220C1A25658D200020B6A5 /* ParstagramUITests.xctest */;
			productType = "com.apple.product-type.bundle.ui-testing";
		};
/* End PBXNativeTarget section */

/* Begin PBXProject section */
		29220BF125658D1D0020B6A5 /* Project object */ = {
			isa = PBXProject;
			attributes = {
				LastSwiftUpdateCheck = 1220;
				LastUpgradeCheck = 1220;
				TargetAttributes = {
					29220BF825658D1D0020B6A5 = {
						CreatedOnToolsVersion = 12.2;
					};
					29220C0E25658D200020B6A5 = {
						CreatedOnToolsVersion = 12.2;
						TestTargetID = 29220BF825658D1D0020B6A5;
					};
					29220C1925658D200020B6A5 = {
						CreatedOnToolsVersion = 12.2;
						TestTargetID = 29220BF825658D1D0020B6A5;
					};
				};
			};
			buildConfigurationList = 29220BF425658D1D0020B6A5 /* Build configuration list for PBXProject "Parstagram" */;
			compatibilityVersion = "Xcode 9.3";
			developmentRegion = en;
			hasScannedForEncodings = 0;
			knownRegions = (
				en,
				Base,
			);
			mainGroup = 29220BF025658D1D0020B6A5;
			productRefGroup = 29220BFA25658D1D0020B6A5 /* Products */;
			projectDirPath = "";
			projectRoot = "";
			targets = (
				29220BF825658D1D0020B6A5 /* Parstagram */,
				29220C0E25658D200020B6A5 /* ParstagramTests */,
				29220C1925658D200020B6A5 /* ParstagramUITests */,
			);
		};
/* End PBXProject section */

/* Begin PBXResourcesBuildPhase section */
		29220BF725658D1D0020B6A5 /* Resources */ = {
			isa = PBXResourcesBuildPhase;
			buildActionMask = 2147483647;
			files = (
				29220C0925658D200020B6A5 /* LaunchScreen.storyboard in Resources */,
				29220C0625658D200020B6A5 /* Assets.xcassets in Resources */,
				29220C0425658D1D0020B6A5 /* Main.storyboard in Resources */,
			);
			runOnlyForDeploymentPostprocessing = 0;
		};
		29220C0D25658D200020B6A5 /* Resources */ = {
			isa = PBXResourcesBuildPhase;
			buildActionMask = 2147483647;
			files = (
			);
			runOnlyForDeploymentPostprocessing = 0;
		};
		29220C1825658D200020B6A5 /* Resources */ = {
			isa = PBXResourcesBuildPhase;
			buildActionMask = 2147483647;
			files = (
			);
			runOnlyForDeploymentPostprocessing = 0;
		};
/* End PBXResourcesBuildPhase section */

/* Begin PBXShellScriptBuildPhase section */
		3E28A4BF9281D781AFC96A20 /* [CP] Check Pods Manifest.lock */ = {
			isa = PBXShellScriptBuildPhase;
			buildActionMask = 2147483647;
			files = (
			);
			inputFileListPaths = (
			);
			inputPaths = (
				"${PODS_PODFILE_DIR_PATH}/Podfile.lock",
				"${PODS_ROOT}/Manifest.lock",
			);
			name = "[CP] Check Pods Manifest.lock";
			outputFileListPaths = (
			);
			outputPaths = (
				"$(DERIVED_FILE_DIR)/Pods-Parstagram-ParstagramUITests-checkManifestLockResult.txt",
			);
			runOnlyForDeploymentPostprocessing = 0;
			shellPath = /bin/sh;
			shellScript = "diff \"${PODS_PODFILE_DIR_PATH}/Podfile.lock\" \"${PODS_ROOT}/Manifest.lock\" > /dev/null\nif [ $? != 0 ] ; then\n    # print error to STDERR\n    echo \"error: The sandbox is not in sync with the Podfile.lock. Run 'pod install' or update your CocoaPods installation.\" >&2\n    exit 1\nfi\n# This output is used by Xcode 'outputs' to avoid re-running this script phase.\necho \"SUCCESS\" > \"${SCRIPT_OUTPUT_FILE_0}\"\n";
			showEnvVarsInLog = 0;
		};
		497FD8BE46D9C0D2E4DA663C /* [CP] Check Pods Manifest.lock */ = {
			isa = PBXShellScriptBuildPhase;
			buildActionMask = 2147483647;
			files = (
			);
			inputFileListPaths = (
			);
			inputPaths = (
				"${PODS_PODFILE_DIR_PATH}/Podfile.lock",
				"${PODS_ROOT}/Manifest.lock",
			);
			name = "[CP] Check Pods Manifest.lock";
			outputFileListPaths = (
			);
			outputPaths = (
				"$(DERIVED_FILE_DIR)/Pods-Parstagram-checkManifestLockResult.txt",
			);
			runOnlyForDeploymentPostprocessing = 0;
			shellPath = /bin/sh;
			shellScript = "diff \"${PODS_PODFILE_DIR_PATH}/Podfile.lock\" \"${PODS_ROOT}/Manifest.lock\" > /dev/null\nif [ $? != 0 ] ; then\n    # print error to STDERR\n    echo \"error: The sandbox is not in sync with the Podfile.lock. Run 'pod install' or update your CocoaPods installation.\" >&2\n    exit 1\nfi\n# This output is used by Xcode 'outputs' to avoid re-running this script phase.\necho \"SUCCESS\" > \"${SCRIPT_OUTPUT_FILE_0}\"\n";
			showEnvVarsInLog = 0;
		};
		BBADD6F90760266034DF7F35 /* [CP] Check Pods Manifest.lock */ = {
			isa = PBXShellScriptBuildPhase;
			buildActionMask = 2147483647;
			files = (
			);
			inputFileListPaths = (
			);
			inputPaths = (
				"${PODS_PODFILE_DIR_PATH}/Podfile.lock",
				"${PODS_ROOT}/Manifest.lock",
			);
			name = "[CP] Check Pods Manifest.lock";
			outputFileListPaths = (
			);
			outputPaths = (
				"$(DERIVED_FILE_DIR)/Pods-ParstagramTests-checkManifestLockResult.txt",
			);
			runOnlyForDeploymentPostprocessing = 0;
			shellPath = /bin/sh;
			shellScript = "diff \"${PODS_PODFILE_DIR_PATH}/Podfile.lock\" \"${PODS_ROOT}/Manifest.lock\" > /dev/null\nif [ $? != 0 ] ; then\n    # print error to STDERR\n    echo \"error: The sandbox is not in sync with the Podfile.lock. Run 'pod install' or update your CocoaPods installation.\" >&2\n    exit 1\nfi\n# This output is used by Xcode 'outputs' to avoid re-running this script phase.\necho \"SUCCESS\" > \"${SCRIPT_OUTPUT_FILE_0}\"\n";
			showEnvVarsInLog = 0;
		};
		D245FE1ECDC30C4BA265D636 /* [CP] Embed Pods Frameworks */ = {
			isa = PBXShellScriptBuildPhase;
			buildActionMask = 2147483647;
			files = (
			);
			inputFileListPaths = (
				"${PODS_ROOT}/Target Support Files/Pods-Parstagram/Pods-Parstagram-frameworks-${CONFIGURATION}-input-files.xcfilelist",
			);
			name = "[CP] Embed Pods Frameworks";
			outputFileListPaths = (
				"${PODS_ROOT}/Target Support Files/Pods-Parstagram/Pods-Parstagram-frameworks-${CONFIGURATION}-output-files.xcfilelist",
			);
			runOnlyForDeploymentPostprocessing = 0;
			shellPath = /bin/sh;
			shellScript = "\"${PODS_ROOT}/Target Support Files/Pods-Parstagram/Pods-Parstagram-frameworks.sh\"\n";
			showEnvVarsInLog = 0;
		};
		FAF6D1FEB40ED5C3E9893E3B /* [CP] Embed Pods Frameworks */ = {
			isa = PBXShellScriptBuildPhase;
			buildActionMask = 2147483647;
			files = (
			);
			inputFileListPaths = (
				"${PODS_ROOT}/Target Support Files/Pods-Parstagram-ParstagramUITests/Pods-Parstagram-ParstagramUITests-frameworks-${CONFIGURATION}-input-files.xcfilelist",
			);
			name = "[CP] Embed Pods Frameworks";
			outputFileListPaths = (
				"${PODS_ROOT}/Target Support Files/Pods-Parstagram-ParstagramUITests/Pods-Parstagram-ParstagramUITests-frameworks-${CONFIGURATION}-output-files.xcfilelist",
			);
			runOnlyForDeploymentPostprocessing = 0;
			shellPath = /bin/sh;
			shellScript = "\"${PODS_ROOT}/Target Support Files/Pods-Parstagram-ParstagramUITests/Pods-Parstagram-ParstagramUITests-frameworks.sh\"\n";
			showEnvVarsInLog = 0;
		};
/* End PBXShellScriptBuildPhase section */

/* Begin PBXSourcesBuildPhase section */
		29220BF525658D1D0020B6A5 /* Sources */ = {
			isa = PBXSourcesBuildPhase;
			buildActionMask = 2147483647;
			files = (
				29220C3325659EEC0020B6A5 /* LoginViewController.swift in Sources */,
				29220C4F2565E62D0020B6A5 /* CameraViewController.swift in Sources */,
				29220BFD25658D1D0020B6A5 /* AppDelegate.swift in Sources */,
				29220C3825659FCB0020B6A5 /* FeedViewController.swift in Sources */,
				29220BFF25658D1D0020B6A5 /* SceneDelegate.swift in Sources */,
				29220C5F2565FBBE0020B6A5 /* PostCell.swift in Sources */,
			);
			runOnlyForDeploymentPostprocessing = 0;
		};
		29220C0B25658D200020B6A5 /* Sources */ = {
			isa = PBXSourcesBuildPhase;
			buildActionMask = 2147483647;
			files = (
				29220C1425658D200020B6A5 /* ParstagramTests.swift in Sources */,
			);
			runOnlyForDeploymentPostprocessing = 0;
		};
		29220C1625658D200020B6A5 /* Sources */ = {
			isa = PBXSourcesBuildPhase;
			buildActionMask = 2147483647;
			files = (
				29220C1F25658D200020B6A5 /* ParstagramUITests.swift in Sources */,
			);
			runOnlyForDeploymentPostprocessing = 0;
		};
/* End PBXSourcesBuildPhase section */

/* Begin PBXTargetDependency section */
		29220C1125658D200020B6A5 /* PBXTargetDependency */ = {
			isa = PBXTargetDependency;
			target = 29220BF825658D1D0020B6A5 /* Parstagram */;
			targetProxy = 29220C1025658D200020B6A5 /* PBXContainerItemProxy */;
		};
		29220C1C25658D200020B6A5 /* PBXTargetDependency */ = {
			isa = PBXTargetDependency;
			target = 29220BF825658D1D0020B6A5 /* Parstagram */;
			targetProxy = 29220C1B25658D200020B6A5 /* PBXContainerItemProxy */;
		};
/* End PBXTargetDependency section */

/* Begin PBXVariantGroup section */
		29220C0225658D1D0020B6A5 /* Main.storyboard */ = {
			isa = PBXVariantGroup;
			children = (
				29220C0325658D1D0020B6A5 /* Base */,
			);
			name = Main.storyboard;
			sourceTree = "<group>";
		};
		29220C0725658D200020B6A5 /* LaunchScreen.storyboard */ = {
			isa = PBXVariantGroup;
			children = (
				29220C0825658D200020B6A5 /* Base */,
			);
			name = LaunchScreen.storyboard;
			sourceTree = "<group>";
		};
/* End PBXVariantGroup section */

/* Begin XCBuildConfiguration section */
		29220C2125658D200020B6A5 /* Debug */ = {
			isa = XCBuildConfiguration;
			buildSettings = {
				ALWAYS_SEARCH_USER_PATHS = NO;
				CLANG_ANALYZER_NONNULL = YES;
				CLANG_ANALYZER_NUMBER_OBJECT_CONVERSION = YES_AGGRESSIVE;
				CLANG_CXX_LANGUAGE_STANDARD = "gnu++14";
				CLANG_CXX_LIBRARY = "libc++";
				CLANG_ENABLE_MODULES = YES;
				CLANG_ENABLE_OBJC_ARC = YES;
				CLANG_ENABLE_OBJC_WEAK = YES;
				CLANG_WARN_BLOCK_CAPTURE_AUTORELEASING = YES;
				CLANG_WARN_BOOL_CONVERSION = YES;
				CLANG_WARN_COMMA = YES;
				CLANG_WARN_CONSTANT_CONVERSION = YES;
				CLANG_WARN_DEPRECATED_OBJC_IMPLEMENTATIONS = YES;
				CLANG_WARN_DIRECT_OBJC_ISA_USAGE = YES_ERROR;
				CLANG_WARN_DOCUMENTATION_COMMENTS = YES;
				CLANG_WARN_EMPTY_BODY = YES;
				CLANG_WARN_ENUM_CONVERSION = YES;
				CLANG_WARN_INFINITE_RECURSION = YES;
				CLANG_WARN_INT_CONVERSION = YES;
				CLANG_WARN_NON_LITERAL_NULL_CONVERSION = YES;
				CLANG_WARN_OBJC_IMPLICIT_RETAIN_SELF = YES;
				CLANG_WARN_OBJC_LITERAL_CONVERSION = YES;
				CLANG_WARN_OBJC_ROOT_CLASS = YES_ERROR;
				CLANG_WARN_QUOTED_INCLUDE_IN_FRAMEWORK_HEADER = YES;
				CLANG_WARN_RANGE_LOOP_ANALYSIS = YES;
				CLANG_WARN_STRICT_PROTOTYPES = YES;
				CLANG_WARN_SUSPICIOUS_MOVE = YES;
				CLANG_WARN_UNGUARDED_AVAILABILITY = YES_AGGRESSIVE;
				CLANG_WARN_UNREACHABLE_CODE = YES;
				CLANG_WARN__DUPLICATE_METHOD_MATCH = YES;
				COPY_PHASE_STRIP = NO;
				DEBUG_INFORMATION_FORMAT = dwarf;
				ENABLE_STRICT_OBJC_MSGSEND = YES;
				ENABLE_TESTABILITY = YES;
				GCC_C_LANGUAGE_STANDARD = gnu11;
				GCC_DYNAMIC_NO_PIC = NO;
				GCC_NO_COMMON_BLOCKS = YES;
				GCC_OPTIMIZATION_LEVEL = 0;
				GCC_PREPROCESSOR_DEFINITIONS = (
					"DEBUG=1",
					"$(inherited)",
				);
				GCC_WARN_64_TO_32_BIT_CONVERSION = YES;
				GCC_WARN_ABOUT_RETURN_TYPE = YES_ERROR;
				GCC_WARN_UNDECLARED_SELECTOR = YES;
				GCC_WARN_UNINITIALIZED_AUTOS = YES_AGGRESSIVE;
				GCC_WARN_UNUSED_FUNCTION = YES;
				GCC_WARN_UNUSED_VARIABLE = YES;
				IPHONEOS_DEPLOYMENT_TARGET = 14.2;
				MTL_ENABLE_DEBUG_INFO = INCLUDE_SOURCE;
				MTL_FAST_MATH = YES;
				ONLY_ACTIVE_ARCH = YES;
				SDKROOT = iphoneos;
				SWIFT_ACTIVE_COMPILATION_CONDITIONS = DEBUG;
				SWIFT_OPTIMIZATION_LEVEL = "-Onone";
			};
			name = Debug;
		};
		29220C2225658D200020B6A5 /* Release */ = {
			isa = XCBuildConfiguration;
			buildSettings = {
				ALWAYS_SEARCH_USER_PATHS = NO;
				CLANG_ANALYZER_NONNULL = YES;
				CLANG_ANALYZER_NUMBER_OBJECT_CONVERSION = YES_AGGRESSIVE;
				CLANG_CXX_LANGUAGE_STANDARD = "gnu++14";
				CLANG_CXX_LIBRARY = "libc++";
				CLANG_ENABLE_MODULES = YES;
				CLANG_ENABLE_OBJC_ARC = YES;
				CLANG_ENABLE_OBJC_WEAK = YES;
				CLANG_WARN_BLOCK_CAPTURE_AUTORELEASING = YES;
				CLANG_WARN_BOOL_CONVERSION = YES;
				CLANG_WARN_COMMA = YES;
				CLANG_WARN_CONSTANT_CONVERSION = YES;
				CLANG_WARN_DEPRECATED_OBJC_IMPLEMENTATIONS = YES;
				CLANG_WARN_DIRECT_OBJC_ISA_USAGE = YES_ERROR;
				CLANG_WARN_DOCUMENTATION_COMMENTS = YES;
				CLANG_WARN_EMPTY_BODY = YES;
				CLANG_WARN_ENUM_CONVERSION = YES;
				CLANG_WARN_INFINITE_RECURSION = YES;
				CLANG_WARN_INT_CONVERSION = YES;
				CLANG_WARN_NON_LITERAL_NULL_CONVERSION = YES;
				CLANG_WARN_OBJC_IMPLICIT_RETAIN_SELF = YES;
				CLANG_WARN_OBJC_LITERAL_CONVERSION = YES;
				CLANG_WARN_OBJC_ROOT_CLASS = YES_ERROR;
				CLANG_WARN_QUOTED_INCLUDE_IN_FRAMEWORK_HEADER = YES;
				CLANG_WARN_RANGE_LOOP_ANALYSIS = YES;
				CLANG_WARN_STRICT_PROTOTYPES = YES;
				CLANG_WARN_SUSPICIOUS_MOVE = YES;
				CLANG_WARN_UNGUARDED_AVAILABILITY = YES_AGGRESSIVE;
				CLANG_WARN_UNREACHABLE_CODE = YES;
				CLANG_WARN__DUPLICATE_METHOD_MATCH = YES;
				COPY_PHASE_STRIP = NO;
				DEBUG_INFORMATION_FORMAT = "dwarf-with-dsym";
				ENABLE_NS_ASSERTIONS = NO;
				ENABLE_STRICT_OBJC_MSGSEND = YES;
				GCC_C_LANGUAGE_STANDARD = gnu11;
				GCC_NO_COMMON_BLOCKS = YES;
				GCC_WARN_64_TO_32_BIT_CONVERSION = YES;
				GCC_WARN_ABOUT_RETURN_TYPE = YES_ERROR;
				GCC_WARN_UNDECLARED_SELECTOR = YES;
				GCC_WARN_UNINITIALIZED_AUTOS = YES_AGGRESSIVE;
				GCC_WARN_UNUSED_FUNCTION = YES;
				GCC_WARN_UNUSED_VARIABLE = YES;
				IPHONEOS_DEPLOYMENT_TARGET = 14.2;
				MTL_ENABLE_DEBUG_INFO = NO;
				MTL_FAST_MATH = YES;
				SDKROOT = iphoneos;
				SWIFT_COMPILATION_MODE = wholemodule;
				SWIFT_OPTIMIZATION_LEVEL = "-O";
				VALIDATE_PRODUCT = YES;
			};
			name = Release;
		};
		29220C2425658D200020B6A5 /* Debug */ = {
			isa = XCBuildConfiguration;
			baseConfigurationReference = 832B28A6262403FEDB71AB85 /* Pods-Parstagram.debug.xcconfig */;
			buildSettings = {
				ASSETCATALOG_COMPILER_APPICON_NAME = AppIcon;
				ASSETCATALOG_COMPILER_GLOBAL_ACCENT_COLOR_NAME = AccentColor;
				CODE_SIGN_STYLE = Automatic;
				INFOPLIST_FILE = Parstagram/Info.plist;
				LD_RUNPATH_SEARCH_PATHS = (
					"$(inherited)",
					"@executable_path/Frameworks",
				);
				PRODUCT_BUNDLE_IDENTIFIER = shreeyeshc.Parstagram;
				PRODUCT_NAME = "$(TARGET_NAME)";
				SWIFT_VERSION = 5.0;
				TARGETED_DEVICE_FAMILY = "1,2";
			};
			name = Debug;
		};
		29220C2525658D200020B6A5 /* Release */ = {
			isa = XCBuildConfiguration;
			baseConfigurationReference = 443503A8A60D95879B009B83 /* Pods-Parstagram.release.xcconfig */;
			buildSettings = {
				ASSETCATALOG_COMPILER_APPICON_NAME = AppIcon;
				ASSETCATALOG_COMPILER_GLOBAL_ACCENT_COLOR_NAME = AccentColor;
				CODE_SIGN_STYLE = Automatic;
				INFOPLIST_FILE = Parstagram/Info.plist;
				LD_RUNPATH_SEARCH_PATHS = (
					"$(inherited)",
					"@executable_path/Frameworks",
				);
				PRODUCT_BUNDLE_IDENTIFIER = shreeyeshc.Parstagram;
				PRODUCT_NAME = "$(TARGET_NAME)";
				SWIFT_VERSION = 5.0;
				TARGETED_DEVICE_FAMILY = "1,2";
			};
			name = Release;
		};
		29220C2725658D200020B6A5 /* Debug */ = {
			isa = XCBuildConfiguration;
			baseConfigurationReference = A143E8B574F15D32441B9A45 /* Pods-ParstagramTests.debug.xcconfig */;
			buildSettings = {
				ALWAYS_EMBED_SWIFT_STANDARD_LIBRARIES = YES;
				BUNDLE_LOADER = "$(TEST_HOST)";
				CODE_SIGN_STYLE = Automatic;
				INFOPLIST_FILE = ParstagramTests/Info.plist;
				IPHONEOS_DEPLOYMENT_TARGET = 14.2;
				LD_RUNPATH_SEARCH_PATHS = (
					"$(inherited)",
					"@executable_path/Frameworks",
					"@loader_path/Frameworks",
				);
				PRODUCT_BUNDLE_IDENTIFIER = shreeyeshc.ParstagramTests;
				PRODUCT_NAME = "$(TARGET_NAME)";
				SWIFT_VERSION = 5.0;
				TARGETED_DEVICE_FAMILY = "1,2";
				TEST_HOST = "$(BUILT_PRODUCTS_DIR)/Parstagram.app/Parstagram";
			};
			name = Debug;
		};
		29220C2825658D200020B6A5 /* Release */ = {
			isa = XCBuildConfiguration;
			baseConfigurationReference = D3CF09A273A8368B886320FC /* Pods-ParstagramTests.release.xcconfig */;
			buildSettings = {
				ALWAYS_EMBED_SWIFT_STANDARD_LIBRARIES = YES;
				BUNDLE_LOADER = "$(TEST_HOST)";
				CODE_SIGN_STYLE = Automatic;
				INFOPLIST_FILE = ParstagramTests/Info.plist;
				IPHONEOS_DEPLOYMENT_TARGET = 14.2;
				LD_RUNPATH_SEARCH_PATHS = (
					"$(inherited)",
					"@executable_path/Frameworks",
					"@loader_path/Frameworks",
				);
				PRODUCT_BUNDLE_IDENTIFIER = shreeyeshc.ParstagramTests;
				PRODUCT_NAME = "$(TARGET_NAME)";
				SWIFT_VERSION = 5.0;
				TARGETED_DEVICE_FAMILY = "1,2";
				TEST_HOST = "$(BUILT_PRODUCTS_DIR)/Parstagram.app/Parstagram";
			};
			name = Release;
		};
		29220C2A25658D200020B6A5 /* Debug */ = {
			isa = XCBuildConfiguration;
			baseConfigurationReference = B57417443E7BF899E36D4B03 /* Pods-Parstagram-ParstagramUITests.debug.xcconfig */;
			buildSettings = {
				ALWAYS_EMBED_SWIFT_STANDARD_LIBRARIES = YES;
				CODE_SIGN_STYLE = Automatic;
				INFOPLIST_FILE = ParstagramUITests/Info.plist;
				LD_RUNPATH_SEARCH_PATHS = (
					"$(inherited)",
					"@executable_path/Frameworks",
					"@loader_path/Frameworks",
				);
				PRODUCT_BUNDLE_IDENTIFIER = shreeyeshc.ParstagramUITests;
				PRODUCT_NAME = "$(TARGET_NAME)";
				SWIFT_VERSION = 5.0;
				TARGETED_DEVICE_FAMILY = "1,2";
				TEST_TARGET_NAME = Parstagram;
			};
			name = Debug;
		};
		29220C2B25658D200020B6A5 /* Release */ = {
			isa = XCBuildConfiguration;
			baseConfigurationReference = E3209FB6FFD49864553F2006 /* Pods-Parstagram-ParstagramUITests.release.xcconfig */;
			buildSettings = {
				ALWAYS_EMBED_SWIFT_STANDARD_LIBRARIES = YES;
				CODE_SIGN_STYLE = Automatic;
				INFOPLIST_FILE = ParstagramUITests/Info.plist;
				LD_RUNPATH_SEARCH_PATHS = (
					"$(inherited)",
					"@executable_path/Frameworks",
					"@loader_path/Frameworks",
				);
				PRODUCT_BUNDLE_IDENTIFIER = shreeyeshc.ParstagramUITests;
				PRODUCT_NAME = "$(TARGET_NAME)";
				SWIFT_VERSION = 5.0;
				TARGETED_DEVICE_FAMILY = "1,2";
				TEST_TARGET_NAME = Parstagram;
			};
			name = Release;
		};
/* End XCBuildConfiguration section */

/* Begin XCConfigurationList section */
		29220BF425658D1D0020B6A5 /* Build configuration list for PBXProject "Parstagram" */ = {
			isa = XCConfigurationList;
			buildConfigurations = (
				29220C2125658D200020B6A5 /* Debug */,
				29220C2225658D200020B6A5 /* Release */,
			);
			defaultConfigurationIsVisible = 0;
			defaultConfigurationName = Release;
		};
		29220C2325658D200020B6A5 /* Build configuration list for PBXNativeTarget "Parstagram" */ = {
			isa = XCConfigurationList;
			buildConfigurations = (
				29220C2425658D200020B6A5 /* Debug */,
				29220C2525658D200020B6A5 /* Release */,
			);
			defaultConfigurationIsVisible = 0;
			defaultConfigurationName = Release;
		};
		29220C2625658D200020B6A5 /* Build configuration list for PBXNativeTarget "ParstagramTests" */ = {
			isa = XCConfigurationList;
			buildConfigurations = (
				29220C2725658D200020B6A5 /* Debug */,
				29220C2825658D200020B6A5 /* Release */,
			);
			defaultConfigurationIsVisible = 0;
			defaultConfigurationName = Release;
		};
		29220C2925658D200020B6A5 /* Build configuration list for PBXNativeTarget "ParstagramUITests" */ = {
			isa = XCConfigurationList;
			buildConfigurations = (
				29220C2A25658D200020B6A5 /* Debug */,
				29220C2B25658D200020B6A5 /* Release */,
			);
			defaultConfigurationIsVisible = 0;
			defaultConfigurationName = Release;
		};
/* End XCConfigurationList section */
	};
	rootObject = 29220BF125658D1D0020B6A5 /* Project object */;
}
